
Microsoft Visual Studio Solution File, Format Version 12.00
# Visual Studio Version 17
VisualStudioVersion = 17.3.32804.467
MinimumVisualStudioVersion = 10.0.40219.1
Project("{FAE04EC0-301F-11D3-BF4B-00C04F79EFBC}") = "Nocturnal Plates", "Nocturnal Plates\Nocturnal Plates.csproj", "{91D1D667-3944-4870-97F9-1BBFB858E291}"
EndProject
Project("{FAE04EC0-301F-11D3-BF4B-00C04F79EFBC}") = "Loader Ml", "Loader Ml\Loader Ml.csproj", "{83FECECE-A99C-4569-AFF6-F559455890CD}"
EndProject
Global
	GlobalSection(SolutionConfigurationPlatforms) = preSolution
		Debug|Any CPU = Debug|Any CPU
		Release|Any CPU = Release|Any CPU
	EndGlobalSection
	GlobalSection(ProjectConfigurationPlatforms) = postSolution
		{91D1D667-3944-4870-97F9-1BBFB858E291}.Debug|Any CPU.ActiveCfg = Debug|Any CPU
		{91D1D667-3944-4870-97F9-1BBFB858E291}.Debug|Any CPU.Build.0 = Debug|Any CPU
		{91D1D667-3944-4870-97F9-1BBFB858E291}.Release|Any CPU.ActiveCfg = Release|Any CPU
		{91D1D667-3944-4870-97F9-1BBFB858E291}.Release|Any CPU.Build.0 = Release|Any CPU
		{83FECECE-A99C-4569-AFF6-F559455890CD}.Debug|Any CPU.ActiveCfg = Debug|Any CPU
		{83FECECE-A99C-4569-AFF6-F559455890CD}.Debug|Any CPU.Build.0 = Debug|Any CPU
		{83FECECE-A99C-4569-AFF6-F559455890CD}.Release|Any CPU.ActiveCfg = Release|Any CPU
		{83FECECE-A99C-4569-AFF6-F559455890CD}.Release|Any CPU.Build.0 = Release|Any CPU
	EndGlobalSection
	GlobalSection(SolutionProperties) = preSolution
		HideSolutionNode = FALSE
	EndGlobalSection
	GlobalSection(ExtensibilityGlobals) = postSolution
		SolutionGuid = {46B0F59F-9BA6-40CA-852D-1A63B9DC9024}
	EndGlobalSection
EndGlobal
